
Microsoft Visual Studio Solution File, Format Version 12.00
# Visual Studio Version 16
VisualStudioVersion = 16.0.32126.315
MinimumVisualStudioVersion = 10.0.40219.1
Project("{FAE04EC0-301F-11D3-BF4B-00C04F79EFBC}") = "ZeqOS", "ZeqOS.csproj", "{68EB26D1-0D84-4E06-9C1D-80AEE94CBBCC}"
EndProject
Global
	GlobalSection(SolutionConfigurationPlatforms) = preSolution
		Debug|Any CPU = Debug|Any CPU
		Release|Any CPU = Release|Any CPU
	EndGlobalSection
	GlobalSection(ProjectConfigurationPlatforms) = postSolution
		{68EB26D1-0D84-4E06-9C1D-80AEE94CBBCC}.Debug|Any CPU.ActiveCfg = Debug|Any CPU
		{68EB26D1-0D84-4E06-9C1D-80AEE94CBBCC}.Debug|Any CPU.Build.0 = Debug|Any CPU
		{68EB26D1-0D84-4E06-9C1D-80AEE94CBBCC}.Release|Any CPU.ActiveCfg = Release|Any CPU
		{68EB26D1-0D84-4E06-9C1D-80AEE94CBBCC}.Release|Any CPU.Build.0 = Release|Any CPU
	EndGlobalSection
	GlobalSection(SolutionProperties) = preSolution
		HideSolutionNode = FALSE
	EndGlobalSection
	GlobalSection(ExtensibilityGlobals) = postSolution
		SolutionGuid = {A4A71E67-114C-47B7-A294-39865EDB364A}
	EndGlobalSection
EndGlobal
